
Microsoft Visual Studio Solution File, Format Version 12.00
# Visual Studio Version 16
VisualStudioVersion = 25.0.1703.6
MinimumVisualStudioVersion = 10.0.40219.1
Project("{FAE04EC0-301F-11D3-BF4B-00C04F79EFBC}") = "oop_basics", "oop_basics\oop_basics.csproj", "{EB844214-C616-4A56-AEED-A664DF3D55E4}"
EndProject
Global
	GlobalSection(SolutionConfigurationPlatforms) = preSolution
		Debug|Any CPU = Debug|Any CPU
		Release|Any CPU = Release|Any CPU
	EndGlobalSection
	GlobalSection(ProjectConfigurationPlatforms) = postSolution
		{EB844214-C616-4A56-AEED-A664DF3D55E4}.Debug|Any CPU.ActiveCfg = Debug|Any CPU
		{EB844214-C616-4A56-AEED-A664DF3D55E4}.Debug|Any CPU.Build.0 = Debug|Any CPU
		{EB844214-C616-4A56-AEED-A664DF3D55E4}.Release|Any CPU.ActiveCfg = Release|Any CPU
		{EB844214-C616-4A56-AEED-A664DF3D55E4}.Release|Any CPU.Build.0 = Release|Any CPU
	EndGlobalSection
	GlobalSection(SolutionProperties) = preSolution
		HideSolutionNode = FALSE
	EndGlobalSection
	GlobalSection(ExtensibilityGlobals) = postSolution
		SolutionGuid = {D56DBE33-F7BE-4657-90E4-FF5F345856A9}
	EndGlobalSection
EndGlobal
