
Microsoft Visual Studio Solution File, Format Version 12.00
# Visual Studio Version 17
VisualStudioVersion = 17.5.33530.505
MinimumVisualStudioVersion = 10.0.40219.1
Project("{FAE04EC0-301F-11D3-BF4B-00C04F79EFBC}") = "FirstWindowsForm", "FirstWindowsForm.csproj", "{1187843B-CC95-4BBA-8BCD-ADFECB521CBF}"
EndProject
Global
	GlobalSection(SolutionConfigurationPlatforms) = preSolution
		Debug|Any CPU = Debug|Any CPU
		Release|Any CPU = Release|Any CPU
	EndGlobalSection
	GlobalSection(ProjectConfigurationPlatforms) = postSolution
		{1187843B-CC95-4BBA-8BCD-ADFECB521CBF}.Debug|Any CPU.ActiveCfg = Debug|Any CPU
		{1187843B-CC95-4BBA-8BCD-ADFECB521CBF}.Debug|Any CPU.Build.0 = Debug|Any CPU
		{1187843B-CC95-4BBA-8BCD-ADFECB521CBF}.Release|Any CPU.ActiveCfg = Release|Any CPU
		{1187843B-CC95-4BBA-8BCD-ADFECB521CBF}.Release|Any CPU.Build.0 = Release|Any CPU
	EndGlobalSection
	GlobalSection(SolutionProperties) = preSolution
		HideSolutionNode = FALSE
	EndGlobalSection
	GlobalSection(ExtensibilityGlobals) = postSolution
		SolutionGuid = {0821841C-CEE7-4214-A608-5B5B615D9F3C}
	EndGlobalSection
EndGlobal
