
Microsoft Visual Studio Solution File, Format Version 12.00
# Visual Studio Version 17
VisualStudioVersion = 17.5.33530.505
MinimumVisualStudioVersion = 10.0.40219.1
Project("{8BC9CEB8-8B4A-11D0-8D11-00A0C91BC942}") = "ClientesMatrix", "ClientesMatrix.vcxproj", "{B3B84194-38CB-4A76-B80D-0D7E10413814}"
EndProject
Global
	GlobalSection(SolutionConfigurationPlatforms) = preSolution
		Debug|x64 = Debug|x64
		Debug|x86 = Debug|x86
		Release|x64 = Release|x64
		Release|x86 = Release|x86
	EndGlobalSection
	GlobalSection(ProjectConfigurationPlatforms) = postSolution
		{B3B84194-38CB-4A76-B80D-0D7E10413814}.Debug|x64.ActiveCfg = Debug|x64
		{B3B84194-38CB-4A76-B80D-0D7E10413814}.Debug|x64.Build.0 = Debug|x64
		{B3B84194-38CB-4A76-B80D-0D7E10413814}.Debug|x86.ActiveCfg = Debug|Win32
		{B3B84194-38CB-4A76-B80D-0D7E10413814}.Debug|x86.Build.0 = Debug|Win32
		{B3B84194-38CB-4A76-B80D-0D7E10413814}.Release|x64.ActiveCfg = Release|x64
		{B3B84194-38CB-4A76-B80D-0D7E10413814}.Release|x64.Build.0 = Release|x64
		{B3B84194-38CB-4A76-B80D-0D7E10413814}.Release|x86.ActiveCfg = Release|Win32
		{B3B84194-38CB-4A76-B80D-0D7E10413814}.Release|x86.Build.0 = Release|Win32
	EndGlobalSection
	GlobalSection(SolutionProperties) = preSolution
		HideSolutionNode = FALSE
	EndGlobalSection
	GlobalSection(ExtensibilityGlobals) = postSolution
		SolutionGuid = {39688CA7-9136-487C-81B3-4953518D3D08}
	EndGlobalSection
EndGlobal
